
Microsoft Visual Studio Solution File, Format Version 12.00
# Visual Studio Version 17
VisualStudioVersion = 17.8.34004.107
MinimumVisualStudioVersion = 10.0.40219.1
Project("{9A19103F-16F7-4668-BE54-9A1E7A4F7556}") = "Tutorial_LINQ", "Tutorial_LINQ\Tutorial_LINQ.csproj", "{B549CB34-E5E0-4AE7-B5AA-F3B402AD496A}"
EndProject
Project("{2150E333-8FDC-42A3-9474-1A3956D46DE8}") = "솔루션 항목", "솔루션 항목", "{1E9D095B-0C34-4BE3-802A-6A192FDDBDCA}"
	ProjectSection(SolutionItems) = preProject
		README.md = README.md
	EndProjectSection
EndProject
Global
	GlobalSection(SolutionConfigurationPlatforms) = preSolution
		Debug|Any CPU = Debug|Any CPU
		Release|Any CPU = Release|Any CPU
	EndGlobalSection
	GlobalSection(ProjectConfigurationPlatforms) = postSolution
		{B549CB34-E5E0-4AE7-B5AA-F3B402AD496A}.Debug|Any CPU.ActiveCfg = Debug|Any CPU
		{B549CB34-E5E0-4AE7-B5AA-F3B402AD496A}.Debug|Any CPU.Build.0 = Debug|Any CPU
		{B549CB34-E5E0-4AE7-B5AA-F3B402AD496A}.Release|Any CPU.ActiveCfg = Release|Any CPU
		{B549CB34-E5E0-4AE7-B5AA-F3B402AD496A}.Release|Any CPU.Build.0 = Release|Any CPU
	EndGlobalSection
	GlobalSection(SolutionProperties) = preSolution
		HideSolutionNode = FALSE
	EndGlobalSection
	GlobalSection(ExtensibilityGlobals) = postSolution
		SolutionGuid = {1EE1AFBB-9E92-4C79-AF4C-09A721935676}
	EndGlobalSection
EndGlobal
